// !$*UTF8*$!
{
	archiveVersion = 1;
	classes = {
	};
	objectVersion = 46;
	objects = {

/* Begin PBXBuildFile section */
		CC4BC5B51BB5936600401058 /* AppDelegate.swift in Sources */ = {isa = PBXBuildFile; fileRef = CC4BC5B41BB5936600401058 /* AppDelegate.swift */; };
		CC4BC5B71BB5936600401058 /* ViewController.swift in Sources */ = {isa = PBXBuildFile; fileRef = CC4BC5B61BB5936600401058 /* ViewController.swift */; };
		CC4BC5BA1BB5936600401058 /* Main.storyboard in Resources */ = {isa = PBXBuildFile; fileRef = CC4BC5B81BB5936600401058 /* Main.storyboard */; };
		CC4BC5BC1BB5936600401058 /* Assets.xcassets in Resources */ = {isa = PBXBuildFile; fileRef = CC4BC5BB1BB5936600401058 /* Assets.xcassets */; };
		CC4BC5BF1BB5936600401058 /* LaunchScreen.storyboard in Resources */ = {isa = PBXBuildFile; fileRef = CC4BC5BD1BB5936600401058 /* LaunchScreen.storyboard */; };
		CC4BC5CA1BB5936600401058 /* RealmSchemaIssueTests.swift in Sources */ = {isa = PBXBuildFile; fileRef = CC4BC5C91BB5936600401058 /* RealmSchemaIssueTests.swift */; };
		CC4BC5D51BB5936600401058 /* RealmSchemaIssueUITests.swift in Sources */ = {isa = PBXBuildFile; fileRef = CC4BC5D41BB5936600401058 /* RealmSchemaIssueUITests.swift */; };
/* End PBXBuildFile section */

/* Begin PBXContainerItemProxy section */
		CC4BC5C61BB5936600401058 /* PBXContainerItemProxy */ = {
			isa = PBXContainerItemProxy;
			containerPortal = CC4BC5A91BB5936500401058 /* Project object */;
			proxyType = 1;
			remoteGlobalIDString = CC4BC5B01BB5936500401058;
			remoteInfo = RealmSchemaIssue;
		};
		CC4BC5D11BB5936600401058 /* PBXContainerItemProxy */ = {
			isa = PBXContainerItemProxy;
			containerPortal = CC4BC5A91BB5936500401058 /* Project object */;
			proxyType = 1;
			remoteGlobalIDString = CC4BC5B01BB5936500401058;
			remoteInfo = RealmSchemaIssue;
		};
/* End PBXContainerItemProxy section */

/* Begin PBXFileReference section */
		CC4BC5B11BB5936500401058 /* RealmSchemaIssue.app */ = {isa = PBXFileReference; explicitFileType = wrapper.application; includeInIndex = 0; path = RealmSchemaIssue.app; sourceTree = BUILT_PRODUCTS_DIR; };
		CC4BC5B41BB5936600401058 /* AppDelegate.swift */ = {isa = PBXFileReference; lastKnownFileType = sourcecode.swift; path = AppDelegate.swift; sourceTree = "<group>"; };
		CC4BC5B61BB5936600401058 /* ViewController.swift */ = {isa = PBXFileReference; lastKnownFileType = sourcecode.swift; path = ViewController.swift; sourceTree = "<group>"; };
		CC4BC5B91BB5936600401058 /* Base */ = {isa = PBXFileReference; lastKnownFileType = file.storyboard; name = Base; path = Base.lproj/Main.storyboard; sourceTree = "<group>"; };
		CC4BC5BB1BB5936600401058 /* Assets.xcassets */ = {isa = PBXFileReference; lastKnownFileType = folder.assetcatalog; path = Assets.xcassets; sourceTree = "<group>"; };
		CC4BC5BE1BB5936600401058 /* Base */ = {isa = PBXFileReference; lastKnownFileType = file.storyboard; name = Base; path = Base.lproj/LaunchScreen.storyboard; sourceTree = "<group>"; };
		CC4BC5C01BB5936600401058 /* Info.plist */ = {isa = PBXFileReference; lastKnownFileType = text.plist.xml; path = Info.plist; sourceTree = "<group>"; };
		CC4BC5C51BB5936600401058 /* RealmSchemaIssueTests.xctest */ = {isa = PBXFileReference; explicitFileType = wrapper.cfbundle; includeInIndex = 0; path = RealmSchemaIssueTests.xctest; sourceTree = BUILT_PRODUCTS_DIR; };
		CC4BC5C91BB5936600401058 /* RealmSchemaIssueTests.swift */ = {isa = PBXFileReference; lastKnownFileType = sourcecode.swift; path = RealmSchemaIssueTests.swift; sourceTree = "<group>"; };
		CC4BC5CB1BB5936600401058 /* Info.plist */ = {isa = PBXFileReference; lastKnownFileType = text.plist.xml; path = Info.plist; sourceTree = "<group>"; };
		CC4BC5D01BB5936600401058 /* RealmSchemaIssueUITests.xctest */ = {isa = PBXFileReference; explicitFileType = wrapper.cfbundle; includeInIndex = 0; path = RealmSchemaIssueUITests.xctest; sourceTree = BUILT_PRODUCTS_DIR; };
		CC4BC5D41BB5936600401058 /* RealmSchemaIssueUITests.swift */ = {isa = PBXFileReference; lastKnownFileType = sourcecode.swift; path = RealmSchemaIssueUITests.swift; sourceTree = "<group>"; };
		CC4BC5D61BB5936600401058 /* Info.plist */ = {isa = PBXFileReference; lastKnownFileType = text.plist.xml; path = Info.plist; sourceTree = "<group>"; };
/* End PBXFileReference section */

/* Begin PBXFrameworksBuildPhase section */
		CC4BC5AE1BB5936500401058 /* Frameworks */ = {
			isa = PBXFrameworksBuildPhase;
			buildActionMask = 2147483647;
			files = (
			);
			runOnlyForDeploymentPostprocessing = 0;
		};
		CC4BC5C21BB5936600401058 /* Frameworks */ = {
			isa = PBXFrameworksBuildPhase;
			buildActionMask = 2147483647;
			files = (
			);
			runOnlyForDeploymentPostprocessing = 0;
		};
		CC4BC5CD1BB5936600401058 /* Frameworks */ = {
			isa = PBXFrameworksBuildPhase;
			buildActionMask = 2147483647;
			files = (
			);
			runOnlyForDeploymentPostprocessing = 0;
		};
/* End PBXFrameworksBuildPhase section */

/* Begin PBXGroup section */
		CC4BC5A81BB5936500401058 = {
			isa = PBXGroup;
			children = (
				CC4BC5B31BB5936600401058 /* RealmSchemaIssue */,
				CC4BC5C81BB5936600401058 /* RealmSchemaIssueTests */,
				CC4BC5D31BB5936600401058 /* RealmSchemaIssueUITests */,
				CC4BC5B21BB5936500401058 /* Products */,
			);
			sourceTree = "<group>";
		};
		CC4BC5B21BB5936500401058 /* Products */ = {
			isa = PBXGroup;
			children = (
				CC4BC5B11BB5936500401058 /* RealmSchemaIssue.app */,
				CC4BC5C51BB5936600401058 /* RealmSchemaIssueTests.xctest */,
				CC4BC5D01BB5936600401058 /* RealmSchemaIssueUITests.xctest */,
			);
			name = Products;
			sourceTree = "<group>";
		};
		CC4BC5B31BB5936600401058 /* RealmSchemaIssue */ = {
			isa = PBXGroup;
			children = (
				CC4BC5B41BB5936600401058 /* AppDelegate.swift */,
				CC4BC5B61BB5936600401058 /* ViewController.swift */,
				CC4BC5B81BB5936600401058 /* Main.storyboard */,
				CC4BC5BB1BB5936600401058 /* Assets.xcassets */,
				CC4BC5BD1BB5936600401058 /* LaunchScreen.storyboard */,
				CC4BC5C01BB5936600401058 /* Info.plist */,
			);
			path = RealmSchemaIssue;
			sourceTree = "<group>";
		};
		CC4BC5C81BB5936600401058 /* RealmSchemaIssueTests */ = {
			isa = PBXGroup;
			children = (
				CC4BC5C91BB5936600401058 /* RealmSchemaIssueTests.swift */,
				CC4BC5CB1BB5936600401058 /* Info.plist */,
			);
			path = RealmSchemaIssueTests;
			sourceTree = "<group>";
		};
		CC4BC5D31BB5936600401058 /* RealmSchemaIssueUITests */ = {
			isa = PBXGroup;
			children = (
				CC4BC5D41BB5936600401058 /* RealmSchemaIssueUITests.swift */,
				CC4BC5D61BB5936600401058 /* Info.plist */,
			);
			path = RealmSchemaIssueUITests;
			sourceTree = "<group>";
		};
/* End PBXGroup section */

/* Begin PBXNativeTarget section */
		CC4BC5B01BB5936500401058 /* RealmSchemaIssue */ = {
			isa = PBXNativeTarget;
			buildConfigurationList = CC4BC5D91BB5936600401058 /* Build configuration list for PBXNativeTarget "RealmSchemaIssue" */;
			buildPhases = (
				CC4BC5AD1BB5936500401058 /* Sources */,
				CC4BC5AE1BB5936500401058 /* Frameworks */,
				CC4BC5AF1BB5936500401058 /* Resources */,
			);
			buildRules = (
			);
			dependencies = (
			);
			name = RealmSchemaIssue;
			productName = RealmSchemaIssue;
			productReference = CC4BC5B11BB5936500401058 /* RealmSchemaIssue.app */;
			productType = "com.apple.product-type.application";
		};
		CC4BC5C41BB5936600401058 /* RealmSchemaIssueTests */ = {
			isa = PBXNativeTarget;
			buildConfigurationList = CC4BC5DC1BB5936600401058 /* Build configuration list for PBXNativeTarget "RealmSchemaIssueTests" */;
			buildPhases = (
				CC4BC5C11BB5936600401058 /* Sources */,
				CC4BC5C21BB5936600401058 /* Frameworks */,
				CC4BC5C31BB5936600401058 /* Resources */,
			);
			buildRules = (
			);
			dependencies = (
				CC4BC5C71BB5936600401058 /* PBXTargetDependency */,
			);
			name = RealmSchemaIssueTests;
			productName = RealmSchemaIssueTests;
			productReference = CC4BC5C51BB5936600401058 /* RealmSchemaIssueTests.xctest */;
			productType = "com.apple.product-type.bundle.unit-test";
		};
		CC4BC5CF1BB5936600401058 /* RealmSchemaIssueUITests */ = {
			isa = PBXNativeTarget;
			buildConfigurationList = CC4BC5DF1BB5936600401058 /* Build configuration list for PBXNativeTarget "RealmSchemaIssueUITests" */;
			buildPhases = (
				CC4BC5CC1BB5936600401058 /* Sources */,
				CC4BC5CD1BB5936600401058 /* Frameworks */,
				CC4BC5CE1BB5936600401058 /* Resources */,
			);
			buildRules = (
			);
			dependencies = (
				CC4BC5D21BB5936600401058 /* PBXTargetDependency */,
			);
			name = RealmSchemaIssueUITests;
			productName = RealmSchemaIssueUITests;
			productReference = CC4BC5D01BB5936600401058 /* RealmSchemaIssueUITests.xctest */;
			productType = "com.apple.product-type.bundle.ui-testing";
		};
/* End PBXNativeTarget section */

/* Begin PBXProject section */
		CC4BC5A91BB5936500401058 /* Project object */ = {
			isa = PBXProject;
			attributes = {
				LastUpgradeCheck = 0700;
				ORGANIZATIONNAME = Pristap;
				TargetAttributes = {
					CC4BC5B01BB5936500401058 = {
						CreatedOnToolsVersion = 7.0;
					};
					CC4BC5C41BB5936600401058 = {
						CreatedOnToolsVersion = 7.0;
						TestTargetID = CC4BC5B01BB5936500401058;
					};
					CC4BC5CF1BB5936600401058 = {
						CreatedOnToolsVersion = 7.0;
						TestTargetID = CC4BC5B01BB5936500401058;
					};
				};
			};
			buildConfigurationList = CC4BC5AC1BB5936500401058 /* Build configuration list for PBXProject "RealmSchemaIssue" */;
			compatibilityVersion = "Xcode 3.2";
			developmentRegion = English;
			hasScannedForEncodings = 0;
			knownRegions = (
				en,
				Base,
			);
			mainGroup = CC4BC5A81BB5936500401058;
			productRefGroup = CC4BC5B21BB5936500401058 /* Products */;
			projectDirPath = "";
			projectRoot = "";
			targets = (
				CC4BC5B01BB5936500401058 /* RealmSchemaIssue */,
				CC4BC5C41BB5936600401058 /* RealmSchemaIssueTests */,
				CC4BC5CF1BB5936600401058 /* RealmSchemaIssueUITests */,
			);
		};
/* End PBXProject section */

/* Begin PBXResourcesBuildPhase section */
		CC4BC5AF1BB5936500401058 /* Resources */ = {
			isa = PBXResourcesBuildPhase;
			buildActionMask = 2147483647;
			files = (
				CC4BC5BF1BB5936600401058 /* LaunchScreen.storyboard in Resources */,
				CC4BC5BC1BB5936600401058 /* Assets.xcassets in Resources */,
				CC4BC5BA1BB5936600401058 /* Main.storyboard in Resources */,
			);
			runOnlyForDeploymentPostprocessing = 0;
		};
		CC4BC5C31BB5936600401058 /* Resources */ = {
			isa = PBXResourcesBuildPhase;
			buildActionMask = 2147483647;
			files = (
			);
			runOnlyForDeploymentPostprocessing = 0;
		};
		CC4BC5CE1BB5936600401058 /* Resources */ = {
			isa = PBXResourcesBuildPhase;
			buildActionMask = 2147483647;
			files = (
			);
			runOnlyForDeploymentPostprocessing = 0;
		};
/* End PBXResourcesBuildPhase section */

/* Begin PBXSourcesBuildPhase section */
		CC4BC5AD1BB5936500401058 /* Sources */ = {
			isa = PBXSourcesBuildPhase;
			buildActionMask = 2147483647;
			files = (
				CC4BC5B71BB5936600401058 /* ViewController.swift in Sources */,
				CC4BC5B51BB5936600401058 /* AppDelegate.swift in Sources */,
			);
			runOnlyForDeploymentPostprocessing = 0;
		};
		CC4BC5C11BB5936600401058 /* Sources */ = {
			isa = PBXSourcesBuildPhase;
			buildActionMask = 2147483647;
			files = (
				CC4BC5CA1BB5936600401058 /* RealmSchemaIssueTests.swift in Sources */,
			);
			runOnlyForDeploymentPostprocessing = 0;
		};
		CC4BC5CC1BB5936600401058 /* Sources */ = {
			isa = PBXSourcesBuildPhase;
			buildActionMask = 2147483647;
			files = (
				CC4BC5D51BB5936600401058 /* RealmSchemaIssueUITests.swift in Sources */,
			);
			runOnlyForDeploymentPostprocessing = 0;
		};
/* End PBXSourcesBuildPhase section */

/* Begin PBXTargetDependency section */
		CC4BC5C71BB5936600401058 /* PBXTargetDependency */ = {
			isa = PBXTargetDependency;
			target = CC4BC5B01BB5936500401058 /* RealmSchemaIssue */;
			targetProxy = CC4BC5C61BB5936600401058 /* PBXContainerItemProxy */;
		};
		CC4BC5D21BB5936600401058 /* PBXTargetDependency */ = {
			isa = PBXTargetDependency;
			target = CC4BC5B01BB5936500401058 /* RealmSchemaIssue */;
			targetProxy = CC4BC5D11BB5936600401058 /* PBXContainerItemProxy */;
		};
/* End PBXTargetDependency section */

/* Begin PBXVariantGroup section */
		CC4BC5B81BB5936600401058 /* Main.storyboard */ = {
			isa = PBXVariantGroup;
			children = (
				CC4BC5B91BB5936600401058 /* Base */,
			);
			name = Main.storyboard;
			sourceTree = "<group>";
		};
		CC4BC5BD1BB5936600401058 /* LaunchScreen.storyboard */ = {
			isa = PBXVariantGroup;
			children = (
				CC4BC5BE1BB5936600401058 /* Base */,
			);
			name = LaunchScreen.storyboard;
			sourceTree = "<group>";
		};
/* End PBXVariantGroup section */

/* Begin XCBuildConfiguration section */
		CC4BC5D71BB5936600401058 /* Debug */ = {
			isa = XCBuildConfiguration;
			buildSettings = {
				ALWAYS_SEARCH_USER_PATHS = NO;
				CLANG_CXX_LANGUAGE_STANDARD = "gnu++0x";
				CLANG_CXX_LIBRARY = "libc++";
				CLANG_ENABLE_MODULES = YES;
				CLANG_ENABLE_OBJC_ARC = YES;
				CLANG_WARN_BOOL_CONVERSION = YES;
				CLANG_WARN_CONSTANT_CONVERSION = YES;
				CLANG_WARN_DIRECT_OBJC_ISA_USAGE = YES_ERROR;
				CLANG_WARN_EMPTY_BODY = YES;
				CLANG_WARN_ENUM_CONVERSION = YES;
				CLANG_WARN_INT_CONVERSION = YES;
				CLANG_WARN_OBJC_ROOT_CLASS = YES_ERROR;
				CLANG_WARN_UNREACHABLE_CODE = YES;
				CLANG_WARN__DUPLICATE_METHOD_MATCH = YES;
				"CODE_SIGN_IDENTITY[sdk=iphoneos*]" = "iPhone Developer";
				COPY_PHASE_STRIP = NO;
				DEBUG_INFORMATION_FORMAT = dwarf;
				ENABLE_STRICT_OBJC_MSGSEND = YES;
				ENABLE_TESTABILITY = YES;
				GCC_C_LANGUAGE_STANDARD = gnu99;
				GCC_DYNAMIC_NO_PIC = NO;
				GCC_NO_COMMON_BLOCKS = YES;
				GCC_OPTIMIZATION_LEVEL = 0;
				GCC_PREPROCESSOR_DEFINITIONS = (
					"DEBUG=1",
					"$(inherited)",
				);
				GCC_WARN_64_TO_32_BIT_CONVERSION = YES;
				GCC_WARN_ABOUT_RETURN_TYPE = YES_ERROR;
				GCC_WARN_UNDECLARED_SELECTOR = YES;
				GCC_WARN_UNINITIALIZED_AUTOS = YES_AGGRESSIVE;
				GCC_WARN_UNUSED_FUNCTION = YES;
				GCC_WARN_UNUSED_VARIABLE = YES;
				IPHONEOS_DEPLOYMENT_TARGET = 9.0;
				MTL_ENABLE_DEBUG_INFO = YES;
				ONLY_ACTIVE_ARCH = YES;
				SDKROOT = iphoneos;
				SWIFT_OPTIMIZATION_LEVEL = "-Onone";
			};
			name = Debug;
		};
		CC4BC5D81BB5936600401058 /* Release */ = {
			isa = XCBuildConfiguration;
			buildSettings = {
				ALWAYS_SEARCH_USER_PATHS = NO;
				CLANG_CXX_LANGUAGE_STANDARD = "gnu++0x";
				CLANG_CXX_LIBRARY = "libc++";
				CLANG_ENABLE_MODULES = YES;
				CLANG_ENABLE_OBJC_ARC = YES;
				CLANG_WARN_BOOL_CONVERSION = YES;
				CLANG_WARN_CONSTANT_CONVERSION = YES;
				CLANG_WARN_DIRECT_OBJC_ISA_USAGE = YES_ERROR;
				CLANG_WARN_EMPTY_BODY = YES;
				CLANG_WARN_ENUM_CONVERSION = YES;
				CLANG_WARN_INT_CONVERSION = YES;
				CLANG_WARN_OBJC_ROOT_CLASS = YES_ERROR;
				CLANG_WARN_UNREACHABLE_CODE = YES;
				CLANG_WARN__DUPLICATE_METHOD_MATCH = YES;
				"CODE_SIGN_IDENTITY[sdk=iphoneos*]" = "iPhone Developer";
				COPY_PHASE_STRIP = NO;
				DEBUG_INFORMATION_FORMAT = "dwarf-with-dsym";
				ENABLE_NS_ASSERTIONS = NO;
				ENABLE_STRICT_OBJC_MSGSEND = YES;
				GCC_C_LANGUAGE_STANDARD = gnu99;
				GCC_NO_COMMON_BLOCKS = YES;
				GCC_WARN_64_TO_32_BIT_CONVERSION = YES;
				GCC_WARN_ABOUT_RETURN_TYPE = YES_ERROR;
				GCC_WARN_UNDECLARED_SELECTOR = YES;
				GCC_WARN_UNINITIALIZED_AUTOS = YES_AGGRESSIVE;
				GCC_WARN_UNUSED_FUNCTION = YES;
				GCC_WARN_UNUSED_VARIABLE = YES;
				IPHONEOS_DEPLOYMENT_TARGET = 9.0;
				MTL_ENABLE_DEBUG_INFO = NO;
				SDKROOT = iphoneos;
				VALIDATE_PRODUCT = YES;
			};
			name = Release;
		};
		CC4BC5DA1BB5936600401058 /* Debug */ = {
			isa = XCBuildConfiguration;
			buildSettings = {
				ASSETCATALOG_COMPILER_APPICON_NAME = AppIcon;
				INFOPLIST_FILE = RealmSchemaIssue/Info.plist;
				LD_RUNPATH_SEARCH_PATHS = "$(inherited) @executable_path/Frameworks";
				PRODUCT_BUNDLE_IDENTIFIER = com.pristap.RealmSchemaIssue;
				PRODUCT_NAME = "$(TARGET_NAME)";
			};
			name = Debug;
		};
		CC4BC5DB1BB5936600401058 /* Release */ = {
			isa = XCBuildConfiguration;
			buildSettings = {
				ASSETCATALOG_COMPILER_APPICON_NAME = AppIcon;
				INFOPLIST_FILE = RealmSchemaIssue/Info.plist;
				LD_RUNPATH_SEARCH_PATHS = "$(inherited) @executable_path/Frameworks";
				PRODUCT_BUNDLE_IDENTIFIER = com.pristap.RealmSchemaIssue;
				PRODUCT_NAME = "$(TARGET_NAME)";
			};
			name = Release;
		};
		CC4BC5DD1BB5936600401058 /* Debug */ = {
			isa = XCBuildConfiguration;
			buildSettings = {
				BUNDLE_LOADER = "$(TEST_HOST)";
				INFOPLIST_FILE = RealmSchemaIssueTests/Info.plist;
				LD_RUNPATH_SEARCH_PATHS = "$(inherited) @executable_path/Frameworks @loader_path/Frameworks";
				PRODUCT_BUNDLE_IDENTIFIER = com.pristap.RealmSchemaIssueTests;
				PRODUCT_NAME = "$(TARGET_NAME)";
				TEST_HOST = "$(BUILT_PRODUCTS_DIR)/RealmSchemaIssue.app/RealmSchemaIssue";
			};
			name = Debug;
		};
		CC4BC5DE1BB5936600401058 /* Release */ = {
			isa = XCBuildConfiguration;
			buildSettings = {
				BUNDLE_LOADER = "$(TEST_HOST)";
				INFOPLIST_FILE = RealmSchemaIssueTests/Info.plist;
				LD_RUNPATH_SEARCH_PATHS = "$(inherited) @executable_path/Frameworks @loader_path/Frameworks";
				PRODUCT_BUNDLE_IDENTIFIER = com.pristap.RealmSchemaIssueTests;
				PRODUCT_NAME = "$(TARGET_NAME)";
				TEST_HOST = "$(BUILT_PRODUCTS_DIR)/RealmSchemaIssue.app/RealmSchemaIssue";
			};
			name = Release;
		};
		CC4BC5E01BB5936600401058 /* Debug */ = {
			isa = XCBuildConfiguration;
			buildSettings = {
				INFOPLIST_FILE = RealmSchemaIssueUITests/Info.plist;
				LD_RUNPATH_SEARCH_PATHS = "$(inherited) @executable_path/Frameworks @loader_path/Frameworks";
				PRODUCT_BUNDLE_IDENTIFIER = com.pristap.RealmSchemaIssueUITests;
				PRODUCT_NAME = "$(TARGET_NAME)";
				TEST_TARGET_NAME = RealmSchemaIssue;
				USES_XCTRUNNER = YES;
			};
			name = Debug;
		};
		CC4BC5E11BB5936600401058 /* Release */ = {
			isa = XCBuildConfiguration;
			buildSettings = {
				INFOPLIST_FILE = RealmSchemaIssueUITests/Info.plist;
				LD_RUNPATH_SEARCH_PATHS = "$(inherited) @executable_path/Frameworks @loader_path/Frameworks";
				PRODUCT_BUNDLE_IDENTIFIER = com.pristap.RealmSchemaIssueUITests;
				PRODUCT_NAME = "$(TARGET_NAME)";
				TEST_TARGET_NAME = RealmSchemaIssue;
				USES_XCTRUNNER = YES;
			};
			name = Release;
		};
/* End XCBuildConfiguration section */

/* Begin XCConfigurationList section */
		CC4BC5AC1BB5936500401058 /* Build configuration list for PBXProject "RealmSchemaIssue" */ = {
			isa = XCConfigurationList;
			buildConfigurations = (
				CC4BC5D71BB5936600401058 /* Debug */,
				CC4BC5D81BB5936600401058 /* Release */,
			);
			defaultConfigurationIsVisible = 0;
			defaultConfigurationName = Release;
		};
		CC4BC5D91BB5936600401058 /* Build configuration list for PBXNativeTarget "RealmSchemaIssue" */ = {
			isa = XCConfigurationList;
			buildConfigurations = (
				CC4BC5DA1BB5936600401058 /* Debug */,
				CC4BC5DB1BB5936600401058 /* Release */,
			);
			defaultConfigurationIsVisible = 0;
		};
		CC4BC5DC1BB5936600401058 /* Build configuration list for PBXNativeTarget "RealmSchemaIssueTests" */ = {
			isa = XCConfigurationList;
			buildConfigurations = (
				CC4BC5DD1BB5936600401058 /* Debug */,
				CC4BC5DE1BB5936600401058 /* Release */,
			);
			defaultConfigurationIsVisible = 0;
		};
		CC4BC5DF1BB5936600401058 /* Build configuration list for PBXNativeTarget "RealmSchemaIssueUITests" */ = {
			isa = XCConfigurationList;
			buildConfigurations = (
				CC4BC5E01BB5936600401058 /* Debug */,
				CC4BC5E11BB5936600401058 /* Release */,
			);
			defaultConfigurationIsVisible = 0;
		};
/* End XCConfigurationList section */
	};
	rootObject = CC4BC5A91BB5936500401058 /* Project object */;
}
